
Microsoft Visual Studio Solution File, Format Version 12.00
# Visual Studio Version 17
VisualStudioVersion = 17.11.35327.3
MinimumVisualStudioVersion = 10.0.40219.1
Project("{8BC9CEB8-8B4A-11D0-8D11-00A0C91BC942}") = "Program", "Program.vcxproj", "{D1BF23E6-66E4-4B53-B97A-22A5028CF1F4}"
EndProject
Project("{8BC9CEB8-8B4A-11D0-8D11-00A0C91BC942}") = "Class1th", "..\Class1th\Class1th.vcxproj", "{F1ECCB19-4054-4867-BAAC-8450BD4E4FBF}"
EndProject
Project("{8BC9CEB8-8B4A-11D0-8D11-00A0C91BC942}") = "Class2th", "..\Class2th\Class2th.vcxproj", "{2BBD4271-F38D-447F-8153-6F17134F1A5F}"
EndProject
Project("{8BC9CEB8-8B4A-11D0-8D11-00A0C91BC942}") = "Class4th", "..\Class4th\Class4th.vcxproj", "{7106265E-98C5-4C97-8D0C-E2FEC097722E}"
EndProject
Project("{8BC9CEB8-8B4A-11D0-8D11-00A0C91BC942}") = "Class5th", "..\Class5th\Class5th.vcxproj", "{A86C1B9A-410A-42BC-BA3A-8137C1441E45}"
EndProject
Project("{8BC9CEB8-8B4A-11D0-8D11-00A0C91BC942}") = "Class6th", "..\Class6th\Class6th.vcxproj", "{B2F70F39-7FD0-43B3-85B0-E1A71428D63E}"
EndProject
Project("{8BC9CEB8-8B4A-11D0-8D11-00A0C91BC942}") = "Class7th", "..\Class7th\Class7th.vcxproj", "{CAF553E5-9F12-4AD7-8B0F-7B43AF5FA59C}"
EndProject
Global
	GlobalSection(SolutionConfigurationPlatforms) = preSolution
		Debug|x64 = Debug|x64
		Debug|x86 = Debug|x86
		Release|x64 = Release|x64
		Release|x86 = Release|x86
	EndGlobalSection
	GlobalSection(ProjectConfigurationPlatforms) = postSolution
		{D1BF23E6-66E4-4B53-B97A-22A5028CF1F4}.Debug|x64.ActiveCfg = Debug|x64
		{D1BF23E6-66E4-4B53-B97A-22A5028CF1F4}.Debug|x64.Build.0 = Debug|x64
		{D1BF23E6-66E4-4B53-B97A-22A5028CF1F4}.Debug|x86.ActiveCfg = Debug|Win32
		{D1BF23E6-66E4-4B53-B97A-22A5028CF1F4}.Debug|x86.Build.0 = Debug|Win32
		{D1BF23E6-66E4-4B53-B97A-22A5028CF1F4}.Release|x64.ActiveCfg = Release|x64
		{D1BF23E6-66E4-4B53-B97A-22A5028CF1F4}.Release|x64.Build.0 = Release|x64
		{D1BF23E6-66E4-4B53-B97A-22A5028CF1F4}.Release|x86.ActiveCfg = Release|Win32
		{D1BF23E6-66E4-4B53-B97A-22A5028CF1F4}.Release|x86.Build.0 = Release|Win32
		{F1ECCB19-4054-4867-BAAC-8450BD4E4FBF}.Debug|x64.ActiveCfg = Debug|x64
		{F1ECCB19-4054-4867-BAAC-8450BD4E4FBF}.Debug|x64.Build.0 = Debug|x64
		{F1ECCB19-4054-4867-BAAC-8450BD4E4FBF}.Debug|x86.ActiveCfg = Debug|Win32
		{F1ECCB19-4054-4867-BAAC-8450BD4E4FBF}.Debug|x86.Build.0 = Debug|Win32
		{F1ECCB19-4054-4867-BAAC-8450BD4E4FBF}.Release|x64.ActiveCfg = Release|x64
		{F1ECCB19-4054-4867-BAAC-8450BD4E4FBF}.Release|x64.Build.0 = Release|x64
		{F1ECCB19-4054-4867-BAAC-8450BD4E4FBF}.Release|x86.ActiveCfg = Release|Win32
		{F1ECCB19-4054-4867-BAAC-8450BD4E4FBF}.Release|x86.Build.0 = Release|Win32
		{2BBD4271-F38D-447F-8153-6F17134F1A5F}.Debug|x64.ActiveCfg = Debug|x64
		{2BBD4271-F38D-447F-8153-6F17134F1A5F}.Debug|x64.Build.0 = Debug|x64
		{2BBD4271-F38D-447F-8153-6F17134F1A5F}.Debug|x86.ActiveCfg = Debug|Win32
		{2BBD4271-F38D-447F-8153-6F17134F1A5F}.Debug|x86.Build.0 = Debug|Win32
		{2BBD4271-F38D-447F-8153-6F17134F1A5F}.Release|x64.ActiveCfg = Release|x64
		{2BBD4271-F38D-447F-8153-6F17134F1A5F}.Release|x64.Build.0 = Release|x64
		{2BBD4271-F38D-447F-8153-6F17134F1A5F}.Release|x86.ActiveCfg = Release|Win32
		{2BBD4271-F38D-447F-8153-6F17134F1A5F}.Release|x86.Build.0 = Release|Win32
		{7106265E-98C5-4C97-8D0C-E2FEC097722E}.Debug|x64.ActiveCfg = Debug|x64
		{7106265E-98C5-4C97-8D0C-E2FEC097722E}.Debug|x64.Build.0 = Debug|x64
		{7106265E-98C5-4C97-8D0C-E2FEC097722E}.Debug|x86.ActiveCfg = Debug|Win32
		{7106265E-98C5-4C97-8D0C-E2FEC097722E}.Debug|x86.Build.0 = Debug|Win32
		{7106265E-98C5-4C97-8D0C-E2FEC097722E}.Release|x64.ActiveCfg = Release|x64
		{7106265E-98C5-4C97-8D0C-E2FEC097722E}.Release|x64.Build.0 = Release|x64
		{7106265E-98C5-4C97-8D0C-E2FEC097722E}.Release|x86.ActiveCfg = Release|Win32
		{7106265E-98C5-4C97-8D0C-E2FEC097722E}.Release|x86.Build.0 = Release|Win32
		{A86C1B9A-410A-42BC-BA3A-8137C1441E45}.Debug|x64.ActiveCfg = Debug|x64
		{A86C1B9A-410A-42BC-BA3A-8137C1441E45}.Debug|x64.Build.0 = Debug|x64
		{A86C1B9A-410A-42BC-BA3A-8137C1441E45}.Debug|x86.ActiveCfg = Debug|Win32
		{A86C1B9A-410A-42BC-BA3A-8137C1441E45}.Debug|x86.Build.0 = Debug|Win32
		{A86C1B9A-410A-42BC-BA3A-8137C1441E45}.Release|x64.ActiveCfg = Release|x64
		{A86C1B9A-410A-42BC-BA3A-8137C1441E45}.Release|x64.Build.0 = Release|x64
		{A86C1B9A-410A-42BC-BA3A-8137C1441E45}.Release|x86.ActiveCfg = Release|Win32
		{A86C1B9A-410A-42BC-BA3A-8137C1441E45}.Release|x86.Build.0 = Release|Win32
		{B2F70F39-7FD0-43B3-85B0-E1A71428D63E}.Debug|x64.ActiveCfg = Debug|x64
		{B2F70F39-7FD0-43B3-85B0-E1A71428D63E}.Debug|x64.Build.0 = Debug|x64
		{B2F70F39-7FD0-43B3-85B0-E1A71428D63E}.Debug|x86.ActiveCfg = Debug|Win32
		{B2F70F39-7FD0-43B3-85B0-E1A71428D63E}.Debug|x86.Build.0 = Debug|Win32
		{B2F70F39-7FD0-43B3-85B0-E1A71428D63E}.Release|x64.ActiveCfg = Release|x64
		{B2F70F39-7FD0-43B3-85B0-E1A71428D63E}.Release|x64.Build.0 = Release|x64
		{B2F70F39-7FD0-43B3-85B0-E1A71428D63E}.Release|x86.ActiveCfg = Release|Win32
		{B2F70F39-7FD0-43B3-85B0-E1A71428D63E}.Release|x86.Build.0 = Release|Win32
		{CAF553E5-9F12-4AD7-8B0F-7B43AF5FA59C}.Debug|x64.ActiveCfg = Debug|x64
		{CAF553E5-9F12-4AD7-8B0F-7B43AF5FA59C}.Debug|x64.Build.0 = Debug|x64
		{CAF553E5-9F12-4AD7-8B0F-7B43AF5FA59C}.Debug|x86.ActiveCfg = Debug|Win32
		{CAF553E5-9F12-4AD7-8B0F-7B43AF5FA59C}.Debug|x86.Build.0 = Debug|Win32
		{CAF553E5-9F12-4AD7-8B0F-7B43AF5FA59C}.Release|x64.ActiveCfg = Release|x64
		{CAF553E5-9F12-4AD7-8B0F-7B43AF5FA59C}.Release|x64.Build.0 = Release|x64
		{CAF553E5-9F12-4AD7-8B0F-7B43AF5FA59C}.Release|x86.ActiveCfg = Release|Win32
		{CAF553E5-9F12-4AD7-8B0F-7B43AF5FA59C}.Release|x86.Build.0 = Release|Win32
	EndGlobalSection
	GlobalSection(SolutionProperties) = preSolution
		HideSolutionNode = FALSE
	EndGlobalSection
	GlobalSection(ExtensibilityGlobals) = postSolution
		SolutionGuid = {82DE67D5-11DC-40F2-93E2-868136715A1E}
	EndGlobalSection
EndGlobal
